<?xml version="1.0" encoding="UTF-8" standalone="yes" ?>
<CodeBlocks_project_file>
	<FileVersion major="1" minor="6" />
	<Project>
		<Option title="SILT" />
		<Option makefile_is_custom="1" />
		<Option execution_dir="../../Pliki" />
		<Option pch_mode="2" />
		<Option compiler="gcc" />
		<Build>
			<Target title="cpp">
				<Option output="../bin/testing_program" prefix_auto="1" extension_auto="1" />
				<Option object_output="obj/" />
				<Option type="1" />
				<Option compiler="gcc" />
				<Compiler>
					<Add option="-O2" />
				</Compiler>
				<Linker>
					<Add option="-s" />
				</Linker>
			</Target>
		</Build>
		<Compiler>
			<Add option="-Wall" />
			<Add option="-fexceptions" />
		</Compiler>
		<Unit filename="Hash_store.hpp" />
		<Unit filename="Hash_store.tpp" />
		<Unit filename="Log_store.hpp" />
		<Unit filename="Log_store.tpp" />
		<Unit filename="SILT_key.hpp" />
		<Unit filename="SILT_key.tpp" />
		<Unit filename="Small_Index_Large_Table.hpp" />
		<Unit filename="Small_Index_Large_Table.tpp" />
		<Unit filename="Sorted_store.hpp" />
		<Unit filename="Sorted_store.tpp" />
		<Unit filename="debug.hpp" />
		<Unit filename="main.cpp" />
		<Extensions>
			<code_completion />
			<envvars />
			<debugger />
			<lib_finder disable_auto="1" />
		</Extensions>
	</Project>
</CodeBlocks_project_file>
